
Microsoft Visual Studio Solution File, Format Version 12.00
# Visual Studio 14
VisualStudioVersion = 14.0.23107.0
MinimumVisualStudioVersion = 10.0.40219.1
Project("{FAE04EC0-301F-11D3-BF4B-00C04F79EFBC}") = "Ksu.Cis300.MazeSolver", "Ksu.Cis300.MazeSolver\Ksu.Cis300.MazeSolver.csproj", "{84C5DB12-FDA2-489A-95EC-99599C139EBA}"
EndProject
Global
	GlobalSection(SolutionConfigurationPlatforms) = preSolution
		Debug|Any CPU = Debug|Any CPU
		Release|Any CPU = Release|Any CPU
	EndGlobalSection
	GlobalSection(ProjectConfigurationPlatforms) = postSolution
		{84C5DB12-FDA2-489A-95EC-99599C139EBA}.Debug|Any CPU.ActiveCfg = Debug|Any CPU
		{84C5DB12-FDA2-489A-95EC-99599C139EBA}.Debug|Any CPU.Build.0 = Debug|Any CPU
		{84C5DB12-FDA2-489A-95EC-99599C139EBA}.Release|Any CPU.ActiveCfg = Release|Any CPU
		{84C5DB12-FDA2-489A-95EC-99599C139EBA}.Release|Any CPU.Build.0 = Release|Any CPU
	EndGlobalSection
	GlobalSection(SolutionProperties) = preSolution
		HideSolutionNode = FALSE
	EndGlobalSection
	GlobalSection(TeamFoundationVersionControl) = preSolution
		SccNumberOfProjects = 2
		SccEnterpriseProvider = {4CA58AB2-18FA-4F8D-95D4-32DDF27D184C}
		SccTeamFoundationServer = https://rhowell.visualstudio.com/defaultcollection
		SccLocalPath0 = .
		SccProjectUniqueName1 = Ksu.Cis300.MazeSolver\\Ksu.Cis300.MazeSolver.csproj
		SccProjectName1 = Ksu.Cis300.MazeSolver
		SccLocalPath1 = Ksu.Cis300.MazeSolver
	EndGlobalSection
EndGlobal
